
Microsoft Visual Studio Solution File, Format Version 12.00
# Visual Studio Version 16
VisualStudioVersion = 16.0.31112.23
MinimumVisualStudioVersion = 10.0.40219.1
Project("{FAE04EC0-301F-11D3-BF4B-00C04F79EFBC}") = "Singleton", "Singleton\Singleton.csproj", "{33408866-79AA-4E2F-86E5-A8050B165654}"
EndProject
Project("{FAE04EC0-301F-11D3-BF4B-00C04F79EFBC}") = "AbstractFactory", "AbstractFactory\AbstractFactory.csproj", "{745371AE-9C0B-4E67-962C-D0DB711BEB25}"
EndProject
Global
	GlobalSection(SolutionConfigurationPlatforms) = preSolution
		Debug|Any CPU = Debug|Any CPU
		Release|Any CPU = Release|Any CPU
	EndGlobalSection
	GlobalSection(ProjectConfigurationPlatforms) = postSolution
		{33408866-79AA-4E2F-86E5-A8050B165654}.Debug|Any CPU.ActiveCfg = Debug|Any CPU
		{33408866-79AA-4E2F-86E5-A8050B165654}.Debug|Any CPU.Build.0 = Debug|Any CPU
		{33408866-79AA-4E2F-86E5-A8050B165654}.Release|Any CPU.ActiveCfg = Release|Any CPU
		{33408866-79AA-4E2F-86E5-A8050B165654}.Release|Any CPU.Build.0 = Release|Any CPU
		{745371AE-9C0B-4E67-962C-D0DB711BEB25}.Debug|Any CPU.ActiveCfg = Debug|Any CPU
		{745371AE-9C0B-4E67-962C-D0DB711BEB25}.Debug|Any CPU.Build.0 = Debug|Any CPU
		{745371AE-9C0B-4E67-962C-D0DB711BEB25}.Release|Any CPU.ActiveCfg = Release|Any CPU
		{745371AE-9C0B-4E67-962C-D0DB711BEB25}.Release|Any CPU.Build.0 = Release|Any CPU
	EndGlobalSection
	GlobalSection(SolutionProperties) = preSolution
		HideSolutionNode = FALSE
	EndGlobalSection
	GlobalSection(ExtensibilityGlobals) = postSolution
		SolutionGuid = {67DF427E-A7A5-49F4-9192-F7508E9FBD1A}
	EndGlobalSection
EndGlobal
